// !$*UTF8*$!
{
	archiveVersion = 1;
	classes = {
	};
	objectVersion = 46;
	objects = {

/* Begin PBXBuildFile section */
		602CAE411984363700C9FE49 /* Foundation.framework in Frameworks */ = {isa = PBXBuildFile; fileRef = 602CAE401984363700C9FE49 /* Foundation.framework */; };
		602CAE431984363700C9FE49 /* CoreGraphics.framework in Frameworks */ = {isa = PBXBuildFile; fileRef = 602CAE421984363700C9FE49 /* CoreGraphics.framework */; };
		602CAE451984363700C9FE49 /* UIKit.framework in Frameworks */ = {isa = PBXBuildFile; fileRef = 602CAE441984363700C9FE49 /* UIKit.framework */; };
		602CAE4B1984363700C9FE49 /* InfoPlist.strings in Resources */ = {isa = PBXBuildFile; fileRef = 602CAE491984363700C9FE49 /* InfoPlist.strings */; };
		602CAE4D1984363700C9FE49 /* main.m in Sources */ = {isa = PBXBuildFile; fileRef = 602CAE4C1984363700C9FE49 /* main.m */; };
		602CAE511984363800C9FE49 /* LPGAppDelegate.m in Sources */ = {isa = PBXBuildFile; fileRef = 602CAE501984363800C9FE49 /* LPGAppDelegate.m */; };
		602CAE541984363800C9FE49 /* Main.storyboard in Resources */ = {isa = PBXBuildFile; fileRef = 602CAE521984363800C9FE49 /* Main.storyboard */; };
		602CAE571984363800C9FE49 /* LPGViewController.m in Sources */ = {isa = PBXBuildFile; fileRef = 602CAE561984363800C9FE49 /* LPGViewController.m */; };
		602CAE591984363900C9FE49 /* Images.xcassets in Resources */ = {isa = PBXBuildFile; fileRef = 602CAE581984363900C9FE49 /* Images.xcassets */; };
		602CAE601984363900C9FE49 /* XCTest.framework in Frameworks */ = {isa = PBXBuildFile; fileRef = 602CAE5F1984363900C9FE49 /* XCTest.framework */; };
		602CAE611984363900C9FE49 /* Foundation.framework in Frameworks */ = {isa = PBXBuildFile; fileRef = 602CAE401984363700C9FE49 /* Foundation.framework */; };
		602CAE621984363900C9FE49 /* UIKit.framework in Frameworks */ = {isa = PBXBuildFile; fileRef = 602CAE441984363700C9FE49 /* UIKit.framework */; };
		602CAE6A1984363900C9FE49 /* InfoPlist.strings in Resources */ = {isa = PBXBuildFile; fileRef = 602CAE681984363900C9FE49 /* InfoPlist.strings */; };
		602CAE6C1984363A00C9FE49 /* PhonagotchiTests.m in Sources */ = {isa = PBXBuildFile; fileRef = 602CAE6B1984363A00C9FE49 /* PhonagotchiTests.m */; };
		607C5D341985A13300501387 /* default.png in Resources */ = {isa = PBXBuildFile; fileRef = 607C5D311985A13300501387 /* default.png */; };
		607C5D351985A13300501387 /* sleeping.png in Resources */ = {isa = PBXBuildFile; fileRef = 607C5D321985A13300501387 /* sleeping.png */; };
		607C5D361985A13300501387 /* grumpy.png in Resources */ = {isa = PBXBuildFile; fileRef = 607C5D331985A13300501387 /* grumpy.png */; };
		AFEF852A19F082EB00C5C416 /* bucket.png in Resources */ = {isa = PBXBuildFile; fileRef = AFEF852819F082EB00C5C416 /* bucket.png */; };
		AFEF852B19F082EB00C5C416 /* apple.png in Resources */ = {isa = PBXBuildFile; fileRef = AFEF852919F082EB00C5C416 /* apple.png */; };
		B6A87D8F1ABB86380006878E /* meow.mp3 in Resources */ = {isa = PBXBuildFile; fileRef = B6A87D8E1ABB86380006878E /* meow.mp3 */; };
/* End PBXBuildFile section */

/* Begin PBXContainerItemProxy section */
		602CAE631984363900C9FE49 /* PBXContainerItemProxy */ = {
			isa = PBXContainerItemProxy;
			containerPortal = 602CAE351984363700C9FE49 /* Project object */;
			proxyType = 1;
			remoteGlobalIDString = 602CAE3C1984363700C9FE49;
			remoteInfo = Phonagotchi;
		};
/* End PBXContainerItemProxy section */

/* Begin PBXFileReference section */
		602CAE3D1984363700C9FE49 /* Phonagotchi.app */ = {isa = PBXFileReference; explicitFileType = wrapper.application; includeInIndex = 0; path = Phonagotchi.app; sourceTree = BUILT_PRODUCTS_DIR; };
		602CAE401984363700C9FE49 /* Foundation.framework */ = {isa = PBXFileReference; lastKnownFileType = wrapper.framework; name = Foundation.framework; path = System/Library/Frameworks/Foundation.framework; sourceTree = SDKROOT; };
		602CAE421984363700C9FE49 /* CoreGraphics.framework */ = {isa = PBXFileReference; lastKnownFileType = wrapper.framework; name = CoreGraphics.framework; path = System/Library/Frameworks/CoreGraphics.framework; sourceTree = SDKROOT; };
		602CAE441984363700C9FE49 /* UIKit.framework */ = {isa = PBXFileReference; lastKnownFileType = wrapper.framework; name = UIKit.framework; path = System/Library/Frameworks/UIKit.framework; sourceTree = SDKROOT; };
		602CAE481984363700C9FE49 /* Phonagotchi-Info.plist */ = {isa = PBXFileReference; lastKnownFileType = text.plist.xml; path = "Phonagotchi-Info.plist"; sourceTree = "<group>"; };
		602CAE4A1984363700C9FE49 /* en */ = {isa = PBXFileReference; lastKnownFileType = text.plist.strings; name = en; path = en.lproj/InfoPlist.strings; sourceTree = "<group>"; };
		602CAE4C1984363700C9FE49 /* main.m */ = {isa = PBXFileReference; lastKnownFileType = sourcecode.c.objc; path = main.m; sourceTree = "<group>"; };
		602CAE4E1984363800C9FE49 /* Phonagotchi-Prefix.pch */ = {isa = PBXFileReference; lastKnownFileType = sourcecode.c.h; path = "Phonagotchi-Prefix.pch"; sourceTree = "<group>"; };
		602CAE4F1984363800C9FE49 /* LPGAppDelegate.h */ = {isa = PBXFileReference; lastKnownFileType = sourcecode.c.h; path = LPGAppDelegate.h; sourceTree = "<group>"; };
		602CAE501984363800C9FE49 /* LPGAppDelegate.m */ = {isa = PBXFileReference; lastKnownFileType = sourcecode.c.objc; path = LPGAppDelegate.m; sourceTree = "<group>"; };
		602CAE531984363800C9FE49 /* Base */ = {isa = PBXFileReference; lastKnownFileType = file.storyboard; name = Base; path = Base.lproj/Main.storyboard; sourceTree = "<group>"; };
		602CAE551984363800C9FE49 /* LPGViewController.h */ = {isa = PBXFileReference; lastKnownFileType = sourcecode.c.h; path = LPGViewController.h; sourceTree = "<group>"; };
		602CAE561984363800C9FE49 /* LPGViewController.m */ = {isa = PBXFileReference; lastKnownFileType = sourcecode.c.objc; path = LPGViewController.m; sourceTree = "<group>"; };
		602CAE581984363900C9FE49 /* Images.xcassets */ = {isa = PBXFileReference; lastKnownFileType = folder.assetcatalog; path = Images.xcassets; sourceTree = "<group>"; };
		602CAE5E1984363900C9FE49 /* PhonagotchiTests.xctest */ = {isa = PBXFileReference; explicitFileType = wrapper.cfbundle; includeInIndex = 0; path = PhonagotchiTests.xctest; sourceTree = BUILT_PRODUCTS_DIR; };
		602CAE5F1984363900C9FE49 /* XCTest.framework */ = {isa = PBXFileReference; lastKnownFileType = wrapper.framework; name = XCTest.framework; path = Library/Frameworks/XCTest.framework; sourceTree = DEVELOPER_DIR; };
		602CAE671984363900C9FE49 /* PhonagotchiTests-Info.plist */ = {isa = PBXFileReference; lastKnownFileType = text.plist.xml; path = "PhonagotchiTests-Info.plist"; sourceTree = "<group>"; };
		602CAE691984363900C9FE49 /* en */ = {isa = PBXFileReference; lastKnownFileType = text.plist.strings; name = en; path = en.lproj/InfoPlist.strings; sourceTree = "<group>"; };
		602CAE6B1984363A00C9FE49 /* PhonagotchiTests.m */ = {isa = PBXFileReference; lastKnownFileType = sourcecode.c.objc; path = PhonagotchiTests.m; sourceTree = "<group>"; };
		607C5D311985A13300501387 /* default.png */ = {isa = PBXFileReference; lastKnownFileType = image.png; path = default.png; sourceTree = "<group>"; };
		607C5D321985A13300501387 /* sleeping.png */ = {isa = PBXFileReference; lastKnownFileType = image.png; path = sleeping.png; sourceTree = "<group>"; };
		607C5D331985A13300501387 /* grumpy.png */ = {isa = PBXFileReference; lastKnownFileType = image.png; path = grumpy.png; sourceTree = "<group>"; };
		AFEF852819F082EB00C5C416 /* bucket.png */ = {isa = PBXFileReference; lastKnownFileType = image.png; path = bucket.png; sourceTree = "<group>"; };
		AFEF852919F082EB00C5C416 /* apple.png */ = {isa = PBXFileReference; lastKnownFileType = image.png; path = apple.png; sourceTree = "<group>"; };
		B6A87D8E1ABB86380006878E /* meow.mp3 */ = {isa = PBXFileReference; lastKnownFileType = audio.mp3; path = meow.mp3; sourceTree = "<group>"; };
/* End PBXFileReference section */

/* Begin PBXFrameworksBuildPhase section */
		602CAE3A1984363700C9FE49 /* Frameworks */ = {
			isa = PBXFrameworksBuildPhase;
			buildActionMask = 2147483647;
			files = (
				602CAE431984363700C9FE49 /* CoreGraphics.framework in Frameworks */,
				602CAE451984363700C9FE49 /* UIKit.framework in Frameworks */,
				602CAE411984363700C9FE49 /* Foundation.framework in Frameworks */,
			);
			runOnlyForDeploymentPostprocessing = 0;
		};
		602CAE5B1984363900C9FE49 /* Frameworks */ = {
			isa = PBXFrameworksBuildPhase;
			buildActionMask = 2147483647;
			files = (
				602CAE601984363900C9FE49 /* XCTest.framework in Frameworks */,
				602CAE621984363900C9FE49 /* UIKit.framework in Frameworks */,
				602CAE611984363900C9FE49 /* Foundation.framework in Frameworks */,
			);
			runOnlyForDeploymentPostprocessing = 0;
		};
/* End PBXFrameworksBuildPhase section */

/* Begin PBXGroup section */
		602CAE341984363700C9FE49 = {
			isa = PBXGroup;
			children = (
				602CAE461984363700C9FE49 /* Phonagotchi */,
				602CAE651984363900C9FE49 /* PhonagotchiTests */,
				602CAE3F1984363700C9FE49 /* Frameworks */,
				602CAE3E1984363700C9FE49 /* Products */,
			);
			sourceTree = "<group>";
		};
		602CAE3E1984363700C9FE49 /* Products */ = {
			isa = PBXGroup;
			children = (
				602CAE3D1984363700C9FE49 /* Phonagotchi.app */,
				602CAE5E1984363900C9FE49 /* PhonagotchiTests.xctest */,
			);
			name = Products;
			sourceTree = "<group>";
		};
		602CAE3F1984363700C9FE49 /* Frameworks */ = {
			isa = PBXGroup;
			children = (
				602CAE401984363700C9FE49 /* Foundation.framework */,
				602CAE421984363700C9FE49 /* CoreGraphics.framework */,
				602CAE441984363700C9FE49 /* UIKit.framework */,
				602CAE5F1984363900C9FE49 /* XCTest.framework */,
			);
			name = Frameworks;
			sourceTree = "<group>";
		};
		602CAE461984363700C9FE49 /* Phonagotchi */ = {
			isa = PBXGroup;
			children = (
				AFEF852819F082EB00C5C416 /* bucket.png */,
				AFEF852919F082EB00C5C416 /* apple.png */,
				607C5D311985A13300501387 /* default.png */,
				607C5D321985A13300501387 /* sleeping.png */,
				607C5D331985A13300501387 /* grumpy.png */,
				602CAE4F1984363800C9FE49 /* LPGAppDelegate.h */,
				602CAE501984363800C9FE49 /* LPGAppDelegate.m */,
				602CAE521984363800C9FE49 /* Main.storyboard */,
				602CAE551984363800C9FE49 /* LPGViewController.h */,
				602CAE561984363800C9FE49 /* LPGViewController.m */,
				B6A87D8E1ABB86380006878E /* meow.mp3 */,
				602CAE581984363900C9FE49 /* Images.xcassets */,
				602CAE471984363700C9FE49 /* Supporting Files */,
			);
			path = Phonagotchi;
			sourceTree = "<group>";
		};
		602CAE471984363700C9FE49 /* Supporting Files */ = {
			isa = PBXGroup;
			children = (
				602CAE481984363700C9FE49 /* Phonagotchi-Info.plist */,
				602CAE491984363700C9FE49 /* InfoPlist.strings */,
				602CAE4C1984363700C9FE49 /* main.m */,
				602CAE4E1984363800C9FE49 /* Phonagotchi-Prefix.pch */,
			);
			name = "Supporting Files";
			sourceTree = "<group>";
		};
		602CAE651984363900C9FE49 /* PhonagotchiTests */ = {
			isa = PBXGroup;
			children = (
				602CAE6B1984363A00C9FE49 /* PhonagotchiTests.m */,
				602CAE661984363900C9FE49 /* Supporting Files */,
			);
			path = PhonagotchiTests;
			sourceTree = "<group>";
		};
		602CAE661984363900C9FE49 /* Supporting Files */ = {
			isa = PBXGroup;
			children = (
				602CAE671984363900C9FE49 /* PhonagotchiTests-Info.plist */,
				602CAE681984363900C9FE49 /* InfoPlist.strings */,
			);
			name = "Supporting Files";
			sourceTree = "<group>";
		};
/* End PBXGroup section */

/* Begin PBXNativeTarget section */
		602CAE3C1984363700C9FE49 /* Phonagotchi */ = {
			isa = PBXNativeTarget;
			buildConfigurationList = 602CAE6F1984363B00C9FE49 /* Build configuration list for PBXNativeTarget "Phonagotchi" */;
			buildPhases = (
				602CAE391984363700C9FE49 /* Sources */,
				602CAE3A1984363700C9FE49 /* Frameworks */,
				602CAE3B1984363700C9FE49 /* Resources */,
			);
			buildRules = (
			);
			dependencies = (
			);
			name = Phonagotchi;
			productName = Phonagotchi;
			productReference = 602CAE3D1984363700C9FE49 /* Phonagotchi.app */;
			productType = "com.apple.product-type.application";
		};
		602CAE5D1984363900C9FE49 /* PhonagotchiTests */ = {
			isa = PBXNativeTarget;
			buildConfigurationList = 602CAE721984363B00C9FE49 /* Build configuration list for PBXNativeTarget "PhonagotchiTests" */;
			buildPhases = (
				602CAE5A1984363900C9FE49 /* Sources */,
				602CAE5B1984363900C9FE49 /* Frameworks */,
				602CAE5C1984363900C9FE49 /* Resources */,
			);
			buildRules = (
			);
			dependencies = (
				602CAE641984363900C9FE49 /* PBXTargetDependency */,
			);
			name = PhonagotchiTests;
			productName = PhonagotchiTests;
			productReference = 602CAE5E1984363900C9FE49 /* PhonagotchiTests.xctest */;
			productType = "com.apple.product-type.bundle.unit-test";
		};
/* End PBXNativeTarget section */

/* Begin PBXProject section */
		602CAE351984363700C9FE49 /* Project object */ = {
			isa = PBXProject;
			attributes = {
				CLASSPREFIX = LPG;
				LastUpgradeCheck = 0510;
				ORGANIZATIONNAME = "Lighthouse Labs";
				TargetAttributes = {
					602CAE5D1984363900C9FE49 = {
						TestTargetID = 602CAE3C1984363700C9FE49;
					};
				};
			};
			buildConfigurationList = 602CAE381984363700C9FE49 /* Build configuration list for PBXProject "Phonagotchi" */;
			compatibilityVersion = "Xcode 3.2";
			developmentRegion = English;
			hasScannedForEncodings = 0;
			knownRegions = (
				en,
				Base,
			);
			mainGroup = 602CAE341984363700C9FE49;
			productRefGroup = 602CAE3E1984363700C9FE49 /* Products */;
			projectDirPath = "";
			projectRoot = "";
			targets = (
				602CAE3C1984363700C9FE49 /* Phonagotchi */,
				602CAE5D1984363900C9FE49 /* PhonagotchiTests */,
			);
		};
/* End PBXProject section */

/* Begin PBXResourcesBuildPhase section */
		602CAE3B1984363700C9FE49 /* Resources */ = {
			isa = PBXResourcesBuildPhase;
			buildActionMask = 2147483647;
			files = (
				607C5D351985A13300501387 /* sleeping.png in Resources */,
				602CAE591984363900C9FE49 /* Images.xcassets in Resources */,
				602CAE4B1984363700C9FE49 /* InfoPlist.strings in Resources */,
				602CAE541984363800C9FE49 /* Main.storyboard in Resources */,
				607C5D341985A13300501387 /* default.png in Resources */,
				607C5D361985A13300501387 /* grumpy.png in Resources */,
				AFEF852B19F082EB00C5C416 /* apple.png in Resources */,
				AFEF852A19F082EB00C5C416 /* bucket.png in Resources */,
				B6A87D8F1ABB86380006878E /* meow.mp3 in Resources */,
			);
			runOnlyForDeploymentPostprocessing = 0;
		};
		602CAE5C1984363900C9FE49 /* Resources */ = {
			isa = PBXResourcesBuildPhase;
			buildActionMask = 2147483647;
			files = (
				602CAE6A1984363900C9FE49 /* InfoPlist.strings in Resources */,
			);
			runOnlyForDeploymentPostprocessing = 0;
		};
/* End PBXResourcesBuildPhase section */

/* Begin PBXSourcesBuildPhase section */
		602CAE391984363700C9FE49 /* Sources */ = {
			isa = PBXSourcesBuildPhase;
			buildActionMask = 2147483647;
			files = (
				602CAE571984363800C9FE49 /* LPGViewController.m in Sources */,
				602CAE511984363800C9FE49 /* LPGAppDelegate.m in Sources */,
				602CAE4D1984363700C9FE49 /* main.m in Sources */,
			);
			runOnlyForDeploymentPostprocessing = 0;
		};
		602CAE5A1984363900C9FE49 /* Sources */ = {
			isa = PBXSourcesBuildPhase;
			buildActionMask = 2147483647;
			files = (
				602CAE6C1984363A00C9FE49 /* PhonagotchiTests.m in Sources */,
			);
			runOnlyForDeploymentPostprocessing = 0;
		};
/* End PBXSourcesBuildPhase section */

/* Begin PBXTargetDependency section */
		602CAE641984363900C9FE49 /* PBXTargetDependency */ = {
			isa = PBXTargetDependency;
			target = 602CAE3C1984363700C9FE49 /* Phonagotchi */;
			targetProxy = 602CAE631984363900C9FE49 /* PBXContainerItemProxy */;
		};
/* End PBXTargetDependency section */

/* Begin PBXVariantGroup section */
		602CAE491984363700C9FE49 /* InfoPlist.strings */ = {
			isa = PBXVariantGroup;
			children = (
				602CAE4A1984363700C9FE49 /* en */,
			);
			name = InfoPlist.strings;
			sourceTree = "<group>";
		};
		602CAE521984363800C9FE49 /* Main.storyboard */ = {
			isa = PBXVariantGroup;
			children = (
				602CAE531984363800C9FE49 /* Base */,
			);
			name = Main.storyboard;
			sourceTree = "<group>";
		};
		602CAE681984363900C9FE49 /* InfoPlist.strings */ = {
			isa = PBXVariantGroup;
			children = (
				602CAE691984363900C9FE49 /* en */,
			);
			name = InfoPlist.strings;
			sourceTree = "<group>";
		};
/* End PBXVariantGroup section */

/* Begin XCBuildConfiguration section */
		602CAE6D1984363B00C9FE49 /* Debug */ = {
			isa = XCBuildConfiguration;
			buildSettings = {
				ALWAYS_SEARCH_USER_PATHS = NO;
				CLANG_CXX_LANGUAGE_STANDARD = "gnu++0x";
				CLANG_CXX_LIBRARY = "libc++";
				CLANG_ENABLE_MODULES = YES;
				CLANG_ENABLE_OBJC_ARC = YES;
				CLANG_WARN_BOOL_CONVERSION = YES;
				CLANG_WARN_CONSTANT_CONVERSION = YES;
				CLANG_WARN_DIRECT_OBJC_ISA_USAGE = YES_ERROR;
				CLANG_WARN_EMPTY_BODY = YES;
				CLANG_WARN_ENUM_CONVERSION = YES;
				CLANG_WARN_INT_CONVERSION = YES;
				CLANG_WARN_OBJC_ROOT_CLASS = YES_ERROR;
				CLANG_WARN__DUPLICATE_METHOD_MATCH = YES;
				"CODE_SIGN_IDENTITY[sdk=iphoneos*]" = "iPhone Developer";
				COPY_PHASE_STRIP = NO;
				GCC_C_LANGUAGE_STANDARD = gnu99;
				GCC_DYNAMIC_NO_PIC = NO;
				GCC_OPTIMIZATION_LEVEL = 0;
				GCC_PREPROCESSOR_DEFINITIONS = (
					"DEBUG=1",
					"$(inherited)",
				);
				GCC_SYMBOLS_PRIVATE_EXTERN = NO;
				GCC_WARN_64_TO_32_BIT_CONVERSION = YES;
				GCC_WARN_ABOUT_RETURN_TYPE = YES_ERROR;
				GCC_WARN_UNDECLARED_SELECTOR = YES;
				GCC_WARN_UNINITIALIZED_AUTOS = YES_AGGRESSIVE;
				GCC_WARN_UNUSED_FUNCTION = YES;
				GCC_WARN_UNUSED_VARIABLE = YES;
				IPHONEOS_DEPLOYMENT_TARGET = 7.1;
				ONLY_ACTIVE_ARCH = YES;
				SDKROOT = iphoneos;
			};
			name = Debug;
		};
		602CAE6E1984363B00C9FE49 /* Release */ = {
			isa = XCBuildConfiguration;
			buildSettings = {
				ALWAYS_SEARCH_USER_PATHS = NO;
				CLANG_CXX_LANGUAGE_STANDARD = "gnu++0x";
				CLANG_CXX_LIBRARY = "libc++";
				CLANG_ENABLE_MODULES = YES;
				CLANG_ENABLE_OBJC_ARC = YES;
				CLANG_WARN_BOOL_CONVERSION = YES;
				CLANG_WARN_CONSTANT_CONVERSION = YES;
				CLANG_WARN_DIRECT_OBJC_ISA_USAGE = YES_ERROR;
				CLANG_WARN_EMPTY_BODY = YES;
				CLANG_WARN_ENUM_CONVERSION = YES;
				CLANG_WARN_INT_CONVERSION = YES;
				CLANG_WARN_OBJC_ROOT_CLASS = YES_ERROR;
				CLANG_WARN__DUPLICATE_METHOD_MATCH = YES;
				"CODE_SIGN_IDENTITY[sdk=iphoneos*]" = "iPhone Developer";
				COPY_PHASE_STRIP = YES;
				ENABLE_NS_ASSERTIONS = NO;
				GCC_C_LANGUAGE_STANDARD = gnu99;
				GCC_WARN_64_TO_32_BIT_CONVERSION = YES;
				GCC_WARN_ABOUT_RETURN_TYPE = YES_ERROR;
				GCC_WARN_UNDECLARED_SELECTOR = YES;
				GCC_WARN_UNINITIALIZED_AUTOS = YES_AGGRESSIVE;
				GCC_WARN_UNUSED_FUNCTION = YES;
				GCC_WARN_UNUSED_VARIABLE = YES;
				IPHONEOS_DEPLOYMENT_TARGET = 7.1;
				SDKROOT = iphoneos;
				VALIDATE_PRODUCT = YES;
			};
			name = Release;
		};
		602CAE701984363B00C9FE49 /* Debug */ = {
			isa = XCBuildConfiguration;
			buildSettings = {
				ASSETCATALOG_COMPILER_APPICON_NAME = AppIcon;
				ASSETCATALOG_COMPILER_LAUNCHIMAGE_NAME = LaunchImage;
				GCC_PRECOMPILE_PREFIX_HEADER = YES;
				GCC_PREFIX_HEADER = "Phonagotchi/Phonagotchi-Prefix.pch";
				INFOPLIST_FILE = "Phonagotchi/Phonagotchi-Info.plist";
				PRODUCT_NAME = "$(TARGET_NAME)";
				WRAPPER_EXTENSION = app;
			};
			name = Debug;
		};
		602CAE711984363B00C9FE49 /* Release */ = {
			isa = XCBuildConfiguration;
			buildSettings = {
				ASSETCATALOG_COMPILER_APPICON_NAME = AppIcon;
				ASSETCATALOG_COMPILER_LAUNCHIMAGE_NAME = LaunchImage;
				GCC_PRECOMPILE_PREFIX_HEADER = YES;
				GCC_PREFIX_HEADER = "Phonagotchi/Phonagotchi-Prefix.pch";
				INFOPLIST_FILE = "Phonagotchi/Phonagotchi-Info.plist";
				PRODUCT_NAME = "$(TARGET_NAME)";
				WRAPPER_EXTENSION = app;
			};
			name = Release;
		};
		602CAE731984363B00C9FE49 /* Debug */ = {
			isa = XCBuildConfiguration;
			buildSettings = {
				BUNDLE_LOADER = "$(BUILT_PRODUCTS_DIR)/Phonagotchi.app/Phonagotchi";
				FRAMEWORK_SEARCH_PATHS = (
					"$(SDKROOT)/Developer/Library/Frameworks",
					"$(inherited)",
					"$(DEVELOPER_FRAMEWORKS_DIR)",
				);
				GCC_PRECOMPILE_PREFIX_HEADER = YES;
				GCC_PREFIX_HEADER = "Phonagotchi/Phonagotchi-Prefix.pch";
				GCC_PREPROCESSOR_DEFINITIONS = (
					"DEBUG=1",
					"$(inherited)",
				);
				INFOPLIST_FILE = "PhonagotchiTests/PhonagotchiTests-Info.plist";
				PRODUCT_NAME = "$(TARGET_NAME)";
				TEST_HOST = "$(BUNDLE_LOADER)";
				WRAPPER_EXTENSION = xctest;
			};
			name = Debug;
		};
		602CAE741984363B00C9FE49 /* Release */ = {
			isa = XCBuildConfiguration;
			buildSettings = {
				BUNDLE_LOADER = "$(BUILT_PRODUCTS_DIR)/Phonagotchi.app/Phonagotchi";
				FRAMEWORK_SEARCH_PATHS = (
					"$(SDKROOT)/Developer/Library/Frameworks",
					"$(inherited)",
					"$(DEVELOPER_FRAMEWORKS_DIR)",
				);
				GCC_PRECOMPILE_PREFIX_HEADER = YES;
				GCC_PREFIX_HEADER = "Phonagotchi/Phonagotchi-Prefix.pch";
				INFOPLIST_FILE = "PhonagotchiTests/PhonagotchiTests-Info.plist";
				PRODUCT_NAME = "$(TARGET_NAME)";
				TEST_HOST = "$(BUNDLE_LOADER)";
				WRAPPER_EXTENSION = xctest;
			};
			name = Release;
		};
/* End XCBuildConfiguration section */

/* Begin XCConfigurationList section */
		602CAE381984363700C9FE49 /* Build configuration list for PBXProject "Phonagotchi" */ = {
			isa = XCConfigurationList;
			buildConfigurations = (
				602CAE6D1984363B00C9FE49 /* Debug */,
				602CAE6E1984363B00C9FE49 /* Release */,
			);
			defaultConfigurationIsVisible = 0;
			defaultConfigurationName = Release;
		};
		602CAE6F1984363B00C9FE49 /* Build configuration list for PBXNativeTarget "Phonagotchi" */ = {
			isa = XCConfigurationList;
			buildConfigurations = (
				602CAE701984363B00C9FE49 /* Debug */,
				602CAE711984363B00C9FE49 /* Release */,
			);
			defaultConfigurationIsVisible = 0;
			defaultConfigurationName = Release;
		};
		602CAE721984363B00C9FE49 /* Build configuration list for PBXNativeTarget "PhonagotchiTests" */ = {
			isa = XCConfigurationList;
			buildConfigurations = (
				602CAE731984363B00C9FE49 /* Debug */,
				602CAE741984363B00C9FE49 /* Release */,
			);
			defaultConfigurationIsVisible = 0;
			defaultConfigurationName = Release;
		};
/* End XCConfigurationList section */
	};
	rootObject = 602CAE351984363700C9FE49 /* Project object */;
}
